# This file is automatically @generated by Cargo.
# It is not intended for manual editing.
version = 3

[[package]]
name = "bfbackend"
version = "0.1.0"
dependencies = [
 "bftextmaker",
]

[[package]]
name = "bftextmaker"
version = "0.1.0"
source = "registry+https://github.com/rust-lang/crates.io-index"
checksum = "aff6439566258f49642dc8c9357e7c100e0bda0623563dadce59bf811da46a63"
